
Microsoft Visual Studio Solution File, Format Version 12.00
# Visual Studio Version 17
VisualStudioVersion = 17.7.34031.279
MinimumVisualStudioVersion = 10.0.40219.1
Project("{FAE04EC0-301F-11D3-BF4B-00C04F79EFBC}") = "uasSchoolProgram", "uasSchoolProgram\uasSchoolProgram.csproj", "{7776FBA5-AB89-441E-B39F-DFF4BE17BB45}"
EndProject
Global
	GlobalSection(SolutionConfigurationPlatforms) = preSolution
		Debug|Any CPU = Debug|Any CPU
		Release|Any CPU = Release|Any CPU
	EndGlobalSection
	GlobalSection(ProjectConfigurationPlatforms) = postSolution
		{7776FBA5-AB89-441E-B39F-DFF4BE17BB45}.Debug|Any CPU.ActiveCfg = Debug|Any CPU
		{7776FBA5-AB89-441E-B39F-DFF4BE17BB45}.Debug|Any CPU.Build.0 = Debug|Any CPU
		{7776FBA5-AB89-441E-B39F-DFF4BE17BB45}.Release|Any CPU.ActiveCfg = Release|Any CPU
		{7776FBA5-AB89-441E-B39F-DFF4BE17BB45}.Release|Any CPU.Build.0 = Release|Any CPU
	EndGlobalSection
	GlobalSection(SolutionProperties) = preSolution
		HideSolutionNode = FALSE
	EndGlobalSection
	GlobalSection(ExtensibilityGlobals) = postSolution
		SolutionGuid = {1DEB3716-76AF-411D-9CD7-A7F0E3F04D8B}
	EndGlobalSection
EndGlobal
